// !$*UTF8*$!
{
	archiveVersion = 1;
	classes = {
	};
	objectVersion = 46;
	objects = {

/* Begin PBXBuildFile section */
		C30485DD1B0863520036FBF7 /* AppDelegate.swift in Sources */ = {isa = PBXBuildFile; fileRef = C30485DC1B0863520036FBF7 /* AppDelegate.swift */; };
		C30485DF1B0863520036FBF7 /* ViewController.swift in Sources */ = {isa = PBXBuildFile; fileRef = C30485DE1B0863520036FBF7 /* ViewController.swift */; };
		C30485E21B0863520036FBF7 /* Main.storyboard in Resources */ = {isa = PBXBuildFile; fileRef = C30485E01B0863520036FBF7 /* Main.storyboard */; };
		C30485E41B0863520036FBF7 /* Images.xcassets in Resources */ = {isa = PBXBuildFile; fileRef = C30485E31B0863520036FBF7 /* Images.xcassets */; };
		C30485E71B0863520036FBF7 /* LaunchScreen.xib in Resources */ = {isa = PBXBuildFile; fileRef = C30485E51B0863520036FBF7 /* LaunchScreen.xib */; };
		C30485F31B0863520036FBF7 /* ExperimentViewControllersTests.swift in Sources */ = {isa = PBXBuildFile; fileRef = C30485F21B0863520036FBF7 /* ExperimentViewControllersTests.swift */; };
/* End PBXBuildFile section */

/* Begin PBXContainerItemProxy section */
		C30485ED1B0863520036FBF7 /* PBXContainerItemProxy */ = {
			isa = PBXContainerItemProxy;
			containerPortal = C30485CF1B0863520036FBF7 /* Project object */;
			proxyType = 1;
			remoteGlobalIDString = C30485D61B0863520036FBF7;
			remoteInfo = ExperimentViewControllers;
		};
/* End PBXContainerItemProxy section */

/* Begin PBXFileReference section */
		C30485D71B0863520036FBF7 /* ExperimentViewControllers.app */ = {isa = PBXFileReference; explicitFileType = wrapper.application; includeInIndex = 0; path = ExperimentViewControllers.app; sourceTree = BUILT_PRODUCTS_DIR; };
		C30485DB1B0863520036FBF7 /* Info.plist */ = {isa = PBXFileReference; lastKnownFileType = text.plist.xml; path = Info.plist; sourceTree = "<group>"; };
		C30485DC1B0863520036FBF7 /* AppDelegate.swift */ = {isa = PBXFileReference; lastKnownFileType = sourcecode.swift; path = AppDelegate.swift; sourceTree = "<group>"; };
		C30485DE1B0863520036FBF7 /* ViewController.swift */ = {isa = PBXFileReference; lastKnownFileType = sourcecode.swift; path = ViewController.swift; sourceTree = "<group>"; };
		C30485E11B0863520036FBF7 /* Base */ = {isa = PBXFileReference; lastKnownFileType = file.storyboard; name = Base; path = Base.lproj/Main.storyboard; sourceTree = "<group>"; };
		C30485E31B0863520036FBF7 /* Images.xcassets */ = {isa = PBXFileReference; lastKnownFileType = folder.assetcatalog; path = Images.xcassets; sourceTree = "<group>"; };
		C30485E61B0863520036FBF7 /* Base */ = {isa = PBXFileReference; lastKnownFileType = file.xib; name = Base; path = Base.lproj/LaunchScreen.xib; sourceTree = "<group>"; };
		C30485EC1B0863520036FBF7 /* ExperimentViewControllersTests.xctest */ = {isa = PBXFileReference; explicitFileType = wrapper.cfbundle; includeInIndex = 0; path = ExperimentViewControllersTests.xctest; sourceTree = BUILT_PRODUCTS_DIR; };
		C30485F11B0863520036FBF7 /* Info.plist */ = {isa = PBXFileReference; lastKnownFileType = text.plist.xml; path = Info.plist; sourceTree = "<group>"; };
		C30485F21B0863520036FBF7 /* ExperimentViewControllersTests.swift */ = {isa = PBXFileReference; lastKnownFileType = sourcecode.swift; path = ExperimentViewControllersTests.swift; sourceTree = "<group>"; };
/* End PBXFileReference section */

/* Begin PBXFrameworksBuildPhase section */
		C30485D41B0863520036FBF7 /* Frameworks */ = {
			isa = PBXFrameworksBuildPhase;
			buildActionMask = 2147483647;
			files = (
			);
			runOnlyForDeploymentPostprocessing = 0;
		};
		C30485E91B0863520036FBF7 /* Frameworks */ = {
			isa = PBXFrameworksBuildPhase;
			buildActionMask = 2147483647;
			files = (
			);
			runOnlyForDeploymentPostprocessing = 0;
		};
/* End PBXFrameworksBuildPhase section */

/* Begin PBXGroup section */
		C30485CE1B0863520036FBF7 = {
			isa = PBXGroup;
			children = (
				C30485D91B0863520036FBF7 /* ExperimentViewControllers */,
				C30485EF1B0863520036FBF7 /* ExperimentViewControllersTests */,
				C30485D81B0863520036FBF7 /* Products */,
			);
			sourceTree = "<group>";
		};
		C30485D81B0863520036FBF7 /* Products */ = {
			isa = PBXGroup;
			children = (
				C30485D71B0863520036FBF7 /* ExperimentViewControllers.app */,
				C30485EC1B0863520036FBF7 /* ExperimentViewControllersTests.xctest */,
			);
			name = Products;
			sourceTree = "<group>";
		};
		C30485D91B0863520036FBF7 /* ExperimentViewControllers */ = {
			isa = PBXGroup;
			children = (
				C30485DC1B0863520036FBF7 /* AppDelegate.swift */,
				C30485DE1B0863520036FBF7 /* ViewController.swift */,
				C30485E01B0863520036FBF7 /* Main.storyboard */,
				C30485E31B0863520036FBF7 /* Images.xcassets */,
				C30485E51B0863520036FBF7 /* LaunchScreen.xib */,
				C30485DA1B0863520036FBF7 /* Supporting Files */,
			);
			path = ExperimentViewControllers;
			sourceTree = "<group>";
		};
		C30485DA1B0863520036FBF7 /* Supporting Files */ = {
			isa = PBXGroup;
			children = (
				C30485DB1B0863520036FBF7 /* Info.plist */,
			);
			name = "Supporting Files";
			sourceTree = "<group>";
		};
		C30485EF1B0863520036FBF7 /* ExperimentViewControllersTests */ = {
			isa = PBXGroup;
			children = (
				C30485F21B0863520036FBF7 /* ExperimentViewControllersTests.swift */,
				C30485F01B0863520036FBF7 /* Supporting Files */,
			);
			path = ExperimentViewControllersTests;
			sourceTree = "<group>";
		};
		C30485F01B0863520036FBF7 /* Supporting Files */ = {
			isa = PBXGroup;
			children = (
				C30485F11B0863520036FBF7 /* Info.plist */,
			);
			name = "Supporting Files";
			sourceTree = "<group>";
		};
/* End PBXGroup section */

/* Begin PBXNativeTarget section */
		C30485D61B0863520036FBF7 /* ExperimentViewControllers */ = {
			isa = PBXNativeTarget;
			buildConfigurationList = C30485F61B0863520036FBF7 /* Build configuration list for PBXNativeTarget "ExperimentViewControllers" */;
			buildPhases = (
				C30485D31B0863520036FBF7 /* Sources */,
				C30485D41B0863520036FBF7 /* Frameworks */,
				C30485D51B0863520036FBF7 /* Resources */,
			);
			buildRules = (
			);
			dependencies = (
			);
			name = ExperimentViewControllers;
			productName = ExperimentViewControllers;
			productReference = C30485D71B0863520036FBF7 /* ExperimentViewControllers.app */;
			productType = "com.apple.product-type.application";
		};
		C30485EB1B0863520036FBF7 /* ExperimentViewControllersTests */ = {
			isa = PBXNativeTarget;
			buildConfigurationList = C30485F91B0863520036FBF7 /* Build configuration list for PBXNativeTarget "ExperimentViewControllersTests" */;
			buildPhases = (
				C30485E81B0863520036FBF7 /* Sources */,
				C30485E91B0863520036FBF7 /* Frameworks */,
				C30485EA1B0863520036FBF7 /* Resources */,
			);
			buildRules = (
			);
			dependencies = (
				C30485EE1B0863520036FBF7 /* PBXTargetDependency */,
			);
			name = ExperimentViewControllersTests;
			productName = ExperimentViewControllersTests;
			productReference = C30485EC1B0863520036FBF7 /* ExperimentViewControllersTests.xctest */;
			productType = "com.apple.product-type.bundle.unit-test";
		};
/* End PBXNativeTarget section */

/* Begin PBXProject section */
		C30485CF1B0863520036FBF7 /* Project object */ = {
			isa = PBXProject;
			attributes = {
				LastUpgradeCheck = 0630;
				ORGANIZATIONNAME = Udacity;
				TargetAttributes = {
					C30485D61B0863520036FBF7 = {
						CreatedOnToolsVersion = 6.3.1;
					};
					C30485EB1B0863520036FBF7 = {
						CreatedOnToolsVersion = 6.3.1;
						TestTargetID = C30485D61B0863520036FBF7;
					};
				};
			};
			buildConfigurationList = C30485D21B0863520036FBF7 /* Build configuration list for PBXProject "ExperimentViewControllers" */;
			compatibilityVersion = "Xcode 3.2";
			developmentRegion = English;
			hasScannedForEncodings = 0;
			knownRegions = (
				en,
				Base,
			);
			mainGroup = C30485CE1B0863520036FBF7;
			productRefGroup = C30485D81B0863520036FBF7 /* Products */;
			projectDirPath = "";
			projectRoot = "";
			targets = (
				C30485D61B0863520036FBF7 /* ExperimentViewControllers */,
				C30485EB1B0863520036FBF7 /* ExperimentViewControllersTests */,
			);
		};
/* End PBXProject section */

/* Begin PBXResourcesBuildPhase section */
		C30485D51B0863520036FBF7 /* Resources */ = {
			isa = PBXResourcesBuildPhase;
			buildActionMask = 2147483647;
			files = (
				C30485E21B0863520036FBF7 /* Main.storyboard in Resources */,
				C30485E71B0863520036FBF7 /* LaunchScreen.xib in Resources */,
				C30485E41B0863520036FBF7 /* Images.xcassets in Resources */,
			);
			runOnlyForDeploymentPostprocessing = 0;
		};
		C30485EA1B0863520036FBF7 /* Resources */ = {
			isa = PBXResourcesBuildPhase;
			buildActionMask = 2147483647;
			files = (
			);
			runOnlyForDeploymentPostprocessing = 0;
		};
/* End PBXResourcesBuildPhase section */

/* Begin PBXSourcesBuildPhase section */
		C30485D31B0863520036FBF7 /* Sources */ = {
			isa = PBXSourcesBuildPhase;
			buildActionMask = 2147483647;
			files = (
				C30485DF1B0863520036FBF7 /* ViewController.swift in Sources */,
				C30485DD1B0863520036FBF7 /* AppDelegate.swift in Sources */,
			);
			runOnlyForDeploymentPostprocessing = 0;
		};
		C30485E81B0863520036FBF7 /* Sources */ = {
			isa = PBXSourcesBuildPhase;
			buildActionMask = 2147483647;
			files = (
				C30485F31B0863520036FBF7 /* ExperimentViewControllersTests.swift in Sources */,
			);
			runOnlyForDeploymentPostprocessing = 0;
		};
/* End PBXSourcesBuildPhase section */

/* Begin PBXTargetDependency section */
		C30485EE1B0863520036FBF7 /* PBXTargetDependency */ = {
			isa = PBXTargetDependency;
			target = C30485D61B0863520036FBF7 /* ExperimentViewControllers */;
			targetProxy = C30485ED1B0863520036FBF7 /* PBXContainerItemProxy */;
		};
/* End PBXTargetDependency section */

/* Begin PBXVariantGroup section */
		C30485E01B0863520036FBF7 /* Main.storyboard */ = {
			isa = PBXVariantGroup;
			children = (
				C30485E11B0863520036FBF7 /* Base */,
			);
			name = Main.storyboard;
			sourceTree = "<group>";
		};
		C30485E51B0863520036FBF7 /* LaunchScreen.xib */ = {
			isa = PBXVariantGroup;
			children = (
				C30485E61B0863520036FBF7 /* Base */,
			);
			name = LaunchScreen.xib;
			sourceTree = "<group>";
		};
/* End PBXVariantGroup section */

/* Begin XCBuildConfiguration section */
		C30485F41B0863520036FBF7 /* Debug */ = {
			isa = XCBuildConfiguration;
			buildSettings = {
				ALWAYS_SEARCH_USER_PATHS = NO;
				CLANG_CXX_LANGUAGE_STANDARD = "gnu++0x";
				CLANG_CXX_LIBRARY = "libc++";
				CLANG_ENABLE_MODULES = YES;
				CLANG_ENABLE_OBJC_ARC = YES;
				CLANG_WARN_BOOL_CONVERSION = YES;
				CLANG_WARN_CONSTANT_CONVERSION = YES;
				CLANG_WARN_DIRECT_OBJC_ISA_USAGE = YES_ERROR;
				CLANG_WARN_EMPTY_BODY = YES;
				CLANG_WARN_ENUM_CONVERSION = YES;
				CLANG_WARN_INT_CONVERSION = YES;
				CLANG_WARN_OBJC_ROOT_CLASS = YES_ERROR;
				CLANG_WARN_UNREACHABLE_CODE = YES;
				CLANG_WARN__DUPLICATE_METHOD_MATCH = YES;
				"CODE_SIGN_IDENTITY[sdk=iphoneos*]" = "iPhone Developer";
				COPY_PHASE_STRIP = NO;
				DEBUG_INFORMATION_FORMAT = "dwarf-with-dsym";
				ENABLE_STRICT_OBJC_MSGSEND = YES;
				GCC_C_LANGUAGE_STANDARD = gnu99;
				GCC_DYNAMIC_NO_PIC = NO;
				GCC_NO_COMMON_BLOCKS = YES;
				GCC_OPTIMIZATION_LEVEL = 0;
				GCC_PREPROCESSOR_DEFINITIONS = (
					"DEBUG=1",
					"$(inherited)",
				);
				GCC_SYMBOLS_PRIVATE_EXTERN = NO;
				GCC_WARN_64_TO_32_BIT_CONVERSION = YES;
				GCC_WARN_ABOUT_RETURN_TYPE = YES_ERROR;
				GCC_WARN_UNDECLARED_SELECTOR = YES;
				GCC_WARN_UNINITIALIZED_AUTOS = YES_AGGRESSIVE;
				GCC_WARN_UNUSED_FUNCTION = YES;
				GCC_WARN_UNUSED_VARIABLE = YES;
				IPHONEOS_DEPLOYMENT_TARGET = 8.3;
				MTL_ENABLE_DEBUG_INFO = YES;
				ONLY_ACTIVE_ARCH = YES;
				SDKROOT = iphoneos;
				SWIFT_OPTIMIZATION_LEVEL = "-Onone";
			};
			name = Debug;
		};
		C30485F51B0863520036FBF7 /* Release */ = {
			isa = XCBuildConfiguration;
			buildSettings = {
				ALWAYS_SEARCH_USER_PATHS = NO;
				CLANG_CXX_LANGUAGE_STANDARD = "gnu++0x";
				CLANG_CXX_LIBRARY = "libc++";
				CLANG_ENABLE_MODULES = YES;
				CLANG_ENABLE_OBJC_ARC = YES;
				CLANG_WARN_BOOL_CONVERSION = YES;
				CLANG_WARN_CONSTANT_CONVERSION = YES;
				CLANG_WARN_DIRECT_OBJC_ISA_USAGE = YES_ERROR;
				CLANG_WARN_EMPTY_BODY = YES;
				CLANG_WARN_ENUM_CONVERSION = YES;
				CLANG_WARN_INT_CONVERSION = YES;
				CLANG_WARN_OBJC_ROOT_CLASS = YES_ERROR;
				CLANG_WARN_UNREACHABLE_CODE = YES;
				CLANG_WARN__DUPLICATE_METHOD_MATCH = YES;
				"CODE_SIGN_IDENTITY[sdk=iphoneos*]" = "iPhone Developer";
				COPY_PHASE_STRIP = NO;
				DEBUG_INFORMATION_FORMAT = "dwarf-with-dsym";
				ENABLE_NS_ASSERTIONS = NO;
				ENABLE_STRICT_OBJC_MSGSEND = YES;
				GCC_C_LANGUAGE_STANDARD = gnu99;
				GCC_NO_COMMON_BLOCKS = YES;
				GCC_WARN_64_TO_32_BIT_CONVERSION = YES;
				GCC_WARN_ABOUT_RETURN_TYPE = YES_ERROR;
				GCC_WARN_UNDECLARED_SELECTOR = YES;
				GCC_WARN_UNINITIALIZED_AUTOS = YES_AGGRESSIVE;
				GCC_WARN_UNUSED_FUNCTION = YES;
				GCC_WARN_UNUSED_VARIABLE = YES;
				IPHONEOS_DEPLOYMENT_TARGET = 8.3;
				MTL_ENABLE_DEBUG_INFO = NO;
				SDKROOT = iphoneos;
				VALIDATE_PRODUCT = YES;
			};
			name = Release;
		};
		C30485F71B0863520036FBF7 /* Debug */ = {
			isa = XCBuildConfiguration;
			buildSettings = {
				ASSETCATALOG_COMPILER_APPICON_NAME = AppIcon;
				INFOPLIST_FILE = ExperimentViewControllers/Info.plist;
				LD_RUNPATH_SEARCH_PATHS = "$(inherited) @executable_path/Frameworks";
				PRODUCT_NAME = "$(TARGET_NAME)";
			};
			name = Debug;
		};
		C30485F81B0863520036FBF7 /* Release */ = {
			isa = XCBuildConfiguration;
			buildSettings = {
				ASSETCATALOG_COMPILER_APPICON_NAME = AppIcon;
				INFOPLIST_FILE = ExperimentViewControllers/Info.plist;
				LD_RUNPATH_SEARCH_PATHS = "$(inherited) @executable_path/Frameworks";
				PRODUCT_NAME = "$(TARGET_NAME)";
			};
			name = Release;
		};
		C30485FA1B0863520036FBF7 /* Debug */ = {
			isa = XCBuildConfiguration;
			buildSettings = {
				BUNDLE_LOADER = "$(TEST_HOST)";
				FRAMEWORK_SEARCH_PATHS = (
					"$(SDKROOT)/Developer/Library/Frameworks",
					"$(inherited)",
				);
				GCC_PREPROCESSOR_DEFINITIONS = (
					"DEBUG=1",
					"$(inherited)",
				);
				INFOPLIST_FILE = ExperimentViewControllersTests/Info.plist;
				LD_RUNPATH_SEARCH_PATHS = "$(inherited) @executable_path/Frameworks @loader_path/Frameworks";
				PRODUCT_NAME = "$(TARGET_NAME)";
				TEST_HOST = "$(BUILT_PRODUCTS_DIR)/ExperimentViewControllers.app/ExperimentViewControllers";
			};
			name = Debug;
		};
		C30485FB1B0863520036FBF7 /* Release */ = {
			isa = XCBuildConfiguration;
			buildSettings = {
				BUNDLE_LOADER = "$(TEST_HOST)";
				FRAMEWORK_SEARCH_PATHS = (
					"$(SDKROOT)/Developer/Library/Frameworks",
					"$(inherited)",
				);
				INFOPLIST_FILE = ExperimentViewControllersTests/Info.plist;
				LD_RUNPATH_SEARCH_PATHS = "$(inherited) @executable_path/Frameworks @loader_path/Frameworks";
				PRODUCT_NAME = "$(TARGET_NAME)";
				TEST_HOST = "$(BUILT_PRODUCTS_DIR)/ExperimentViewControllers.app/ExperimentViewControllers";
			};
			name = Release;
		};
/* End XCBuildConfiguration section */

/* Begin XCConfigurationList section */
		C30485D21B0863520036FBF7 /* Build configuration list for PBXProject "ExperimentViewControllers" */ = {
			isa = XCConfigurationList;
			buildConfigurations = (
				C30485F41B0863520036FBF7 /* Debug */,
				C30485F51B0863520036FBF7 /* Release */,
			);
			defaultConfigurationIsVisible = 0;
			defaultConfigurationName = Release;
		};
		C30485F61B0863520036FBF7 /* Build configuration list for PBXNativeTarget "ExperimentViewControllers" */ = {
			isa = XCConfigurationList;
			buildConfigurations = (
				C30485F71B0863520036FBF7 /* Debug */,
				C30485F81B0863520036FBF7 /* Release */,
			);
			defaultConfigurationIsVisible = 0;
		};
		C30485F91B0863520036FBF7 /* Build configuration list for PBXNativeTarget "ExperimentViewControllersTests" */ = {
			isa = XCConfigurationList;
			buildConfigurations = (
				C30485FA1B0863520036FBF7 /* Debug */,
				C30485FB1B0863520036FBF7 /* Release */,
			);
			defaultConfigurationIsVisible = 0;
		};
/* End XCConfigurationList section */
	};
	rootObject = C30485CF1B0863520036FBF7 /* Project object */;
}
